
Microsoft Visual Studio Solution File, Format Version 12.00
# Visual Studio 2012
Project("{FAE04EC0-301F-11D3-BF4B-00C04F79EFBC}") = "HelloXamarinAndroid", "HelloXamarinAndroid\HelloXamarinAndroid.csproj", "{0296FDFB-803D-46A5-AF59-1BE269D72FB9}"
EndProject
Global
	GlobalSection(SolutionConfigurationPlatforms) = preSolution
		Debug|Any CPU = Debug|Any CPU
		Release|Any CPU = Release|Any CPU
	EndGlobalSection
	GlobalSection(ProjectConfigurationPlatforms) = postSolution
		{0296FDFB-803D-46A5-AF59-1BE269D72FB9}.Debug|Any CPU.ActiveCfg = Debug|Any CPU
		{0296FDFB-803D-46A5-AF59-1BE269D72FB9}.Debug|Any CPU.Build.0 = Debug|Any CPU
		{0296FDFB-803D-46A5-AF59-1BE269D72FB9}.Release|Any CPU.ActiveCfg = Release|Any CPU
		{0296FDFB-803D-46A5-AF59-1BE269D72FB9}.Release|Any CPU.Build.0 = Release|Any CPU
	EndGlobalSection
EndGlobal
