
Microsoft Visual Studio Solution File, Format Version 12.00
# Visual Studio 2012
Project("{D954291E-2A0B-460D-934E-DC6B0785DB48}") = "HelloXamarinFormsSAP", "HelloXamarinFormsSAP\HelloXamarinFormsSAP.shproj", "{624DC180-BC01-4B9C-92EC-2510409F92DB}"
EndProject
Project("{FAE04EC0-301F-11D3-BF4B-00C04F79EFBC}") = "HelloXamarinFormsSAP.iOS", "iOS\HelloXamarinFormsSAP.iOS.csproj", "{8A8A1240-6260-4028-8527-68916135FEB8}"
EndProject
Project("{FAE04EC0-301F-11D3-BF4B-00C04F79EFBC}") = "HelloXamarinFormsSAP.Droid", "Droid\HelloXamarinFormsSAP.Droid.csproj", "{0586220D-3C2C-4F2A-B284-3CA5A1D9B516}"
EndProject
Global
	GlobalSection(SolutionConfigurationPlatforms) = preSolution
		Debug|iPhoneSimulator = Debug|iPhoneSimulator
		Release|iPhone = Release|iPhone
		Release|iPhoneSimulator = Release|iPhoneSimulator
		Debug|iPhone = Debug|iPhone
		Debug|Any CPU = Debug|Any CPU
		Release|Any CPU = Release|Any CPU
	EndGlobalSection
	GlobalSection(ProjectConfigurationPlatforms) = postSolution
		{8A8A1240-6260-4028-8527-68916135FEB8}.Debug|iPhoneSimulator.ActiveCfg = Debug|iPhoneSimulator
		{8A8A1240-6260-4028-8527-68916135FEB8}.Debug|iPhoneSimulator.Build.0 = Debug|iPhoneSimulator
		{8A8A1240-6260-4028-8527-68916135FEB8}.Release|iPhone.ActiveCfg = Release|iPhone
		{8A8A1240-6260-4028-8527-68916135FEB8}.Release|iPhone.Build.0 = Release|iPhone
		{8A8A1240-6260-4028-8527-68916135FEB8}.Release|iPhoneSimulator.ActiveCfg = Release|iPhoneSimulator
		{8A8A1240-6260-4028-8527-68916135FEB8}.Release|iPhoneSimulator.Build.0 = Release|iPhoneSimulator
		{8A8A1240-6260-4028-8527-68916135FEB8}.Debug|iPhone.ActiveCfg = Debug|iPhone
		{8A8A1240-6260-4028-8527-68916135FEB8}.Debug|iPhone.Build.0 = Debug|iPhone
		{8A8A1240-6260-4028-8527-68916135FEB8}.Debug|Any CPU.ActiveCfg = Debug|iPhoneSimulator
		{8A8A1240-6260-4028-8527-68916135FEB8}.Debug|Any CPU.Build.0 = Debug|iPhoneSimulator
		{8A8A1240-6260-4028-8527-68916135FEB8}.Release|Any CPU.ActiveCfg = Release|iPhone
		{8A8A1240-6260-4028-8527-68916135FEB8}.Release|Any CPU.Build.0 = Release|iPhone
		{0586220D-3C2C-4F2A-B284-3CA5A1D9B516}.Debug|iPhoneSimulator.ActiveCfg = Debug|Any CPU
		{0586220D-3C2C-4F2A-B284-3CA5A1D9B516}.Debug|iPhoneSimulator.Build.0 = Debug|Any CPU
		{0586220D-3C2C-4F2A-B284-3CA5A1D9B516}.Release|iPhone.ActiveCfg = Release|Any CPU
		{0586220D-3C2C-4F2A-B284-3CA5A1D9B516}.Release|iPhone.Build.0 = Release|Any CPU
		{0586220D-3C2C-4F2A-B284-3CA5A1D9B516}.Release|iPhoneSimulator.ActiveCfg = Release|Any CPU
		{0586220D-3C2C-4F2A-B284-3CA5A1D9B516}.Release|iPhoneSimulator.Build.0 = Release|Any CPU
		{0586220D-3C2C-4F2A-B284-3CA5A1D9B516}.Debug|iPhone.ActiveCfg = Debug|Any CPU
		{0586220D-3C2C-4F2A-B284-3CA5A1D9B516}.Debug|iPhone.Build.0 = Debug|Any CPU
		{0586220D-3C2C-4F2A-B284-3CA5A1D9B516}.Debug|Any CPU.ActiveCfg = Debug|Any CPU
		{0586220D-3C2C-4F2A-B284-3CA5A1D9B516}.Debug|Any CPU.Build.0 = Debug|Any CPU
		{0586220D-3C2C-4F2A-B284-3CA5A1D9B516}.Release|Any CPU.ActiveCfg = Release|Any CPU
		{0586220D-3C2C-4F2A-B284-3CA5A1D9B516}.Release|Any CPU.Build.0 = Release|Any CPU
	EndGlobalSection
EndGlobal
