
Microsoft Visual Studio Solution File, Format Version 12.00
# Visual Studio 2012
Project("{FAE04EC0-301F-11D3-BF4B-00C04F79EFBC}") = "HelloXamarinForms", "HelloXamarinForms\HelloXamarinForms.csproj", "{20FD6B4C-13B5-4C1D-B0A4-226CE369EE85}"
EndProject
Project("{FAE04EC0-301F-11D3-BF4B-00C04F79EFBC}") = "HelloXamarinForms.iOS", "iOS\HelloXamarinForms.iOS.csproj", "{73107CEF-3357-4E2B-A7AC-8AD053E878CC}"
EndProject
Project("{FAE04EC0-301F-11D3-BF4B-00C04F79EFBC}") = "HelloXamarinForms.Droid", "Droid\HelloXamarinForms.Droid.csproj", "{902931B4-39E6-40D4-973C-D906EDC0F5A6}"
EndProject
Global
	GlobalSection(SolutionConfigurationPlatforms) = preSolution
		Debug|Any CPU = Debug|Any CPU
		Release|Any CPU = Release|Any CPU
		Debug|iPhoneSimulator = Debug|iPhoneSimulator
		Release|iPhone = Release|iPhone
		Release|iPhoneSimulator = Release|iPhoneSimulator
		Debug|iPhone = Debug|iPhone
	EndGlobalSection
	GlobalSection(ProjectConfigurationPlatforms) = postSolution
		{20FD6B4C-13B5-4C1D-B0A4-226CE369EE85}.Debug|Any CPU.ActiveCfg = Debug|Any CPU
		{20FD6B4C-13B5-4C1D-B0A4-226CE369EE85}.Debug|Any CPU.Build.0 = Debug|Any CPU
		{20FD6B4C-13B5-4C1D-B0A4-226CE369EE85}.Release|Any CPU.ActiveCfg = Release|Any CPU
		{20FD6B4C-13B5-4C1D-B0A4-226CE369EE85}.Release|Any CPU.Build.0 = Release|Any CPU
		{20FD6B4C-13B5-4C1D-B0A4-226CE369EE85}.Debug|iPhoneSimulator.ActiveCfg = Debug|Any CPU
		{20FD6B4C-13B5-4C1D-B0A4-226CE369EE85}.Debug|iPhoneSimulator.Build.0 = Debug|Any CPU
		{20FD6B4C-13B5-4C1D-B0A4-226CE369EE85}.Release|iPhone.ActiveCfg = Release|Any CPU
		{20FD6B4C-13B5-4C1D-B0A4-226CE369EE85}.Release|iPhone.Build.0 = Release|Any CPU
		{20FD6B4C-13B5-4C1D-B0A4-226CE369EE85}.Release|iPhoneSimulator.ActiveCfg = Release|Any CPU
		{20FD6B4C-13B5-4C1D-B0A4-226CE369EE85}.Release|iPhoneSimulator.Build.0 = Release|Any CPU
		{20FD6B4C-13B5-4C1D-B0A4-226CE369EE85}.Debug|iPhone.ActiveCfg = Debug|Any CPU
		{20FD6B4C-13B5-4C1D-B0A4-226CE369EE85}.Debug|iPhone.Build.0 = Debug|Any CPU
		{73107CEF-3357-4E2B-A7AC-8AD053E878CC}.Debug|Any CPU.ActiveCfg = Debug|iPhoneSimulator
		{73107CEF-3357-4E2B-A7AC-8AD053E878CC}.Debug|Any CPU.Build.0 = Debug|iPhoneSimulator
		{73107CEF-3357-4E2B-A7AC-8AD053E878CC}.Release|Any CPU.ActiveCfg = Release|iPhone
		{73107CEF-3357-4E2B-A7AC-8AD053E878CC}.Release|Any CPU.Build.0 = Release|iPhone
		{73107CEF-3357-4E2B-A7AC-8AD053E878CC}.Debug|iPhoneSimulator.ActiveCfg = Debug|iPhoneSimulator
		{73107CEF-3357-4E2B-A7AC-8AD053E878CC}.Debug|iPhoneSimulator.Build.0 = Debug|iPhoneSimulator
		{73107CEF-3357-4E2B-A7AC-8AD053E878CC}.Release|iPhone.ActiveCfg = Release|iPhone
		{73107CEF-3357-4E2B-A7AC-8AD053E878CC}.Release|iPhone.Build.0 = Release|iPhone
		{73107CEF-3357-4E2B-A7AC-8AD053E878CC}.Release|iPhoneSimulator.ActiveCfg = Release|iPhoneSimulator
		{73107CEF-3357-4E2B-A7AC-8AD053E878CC}.Release|iPhoneSimulator.Build.0 = Release|iPhoneSimulator
		{73107CEF-3357-4E2B-A7AC-8AD053E878CC}.Debug|iPhone.ActiveCfg = Debug|iPhone
		{73107CEF-3357-4E2B-A7AC-8AD053E878CC}.Debug|iPhone.Build.0 = Debug|iPhone
		{902931B4-39E6-40D4-973C-D906EDC0F5A6}.Debug|Any CPU.ActiveCfg = Debug|Any CPU
		{902931B4-39E6-40D4-973C-D906EDC0F5A6}.Debug|Any CPU.Build.0 = Debug|Any CPU
		{902931B4-39E6-40D4-973C-D906EDC0F5A6}.Release|Any CPU.ActiveCfg = Release|Any CPU
		{902931B4-39E6-40D4-973C-D906EDC0F5A6}.Release|Any CPU.Build.0 = Release|Any CPU
		{902931B4-39E6-40D4-973C-D906EDC0F5A6}.Debug|iPhoneSimulator.ActiveCfg = Debug|Any CPU
		{902931B4-39E6-40D4-973C-D906EDC0F5A6}.Debug|iPhoneSimulator.Build.0 = Debug|Any CPU
		{902931B4-39E6-40D4-973C-D906EDC0F5A6}.Release|iPhone.ActiveCfg = Release|Any CPU
		{902931B4-39E6-40D4-973C-D906EDC0F5A6}.Release|iPhone.Build.0 = Release|Any CPU
		{902931B4-39E6-40D4-973C-D906EDC0F5A6}.Release|iPhoneSimulator.ActiveCfg = Release|Any CPU
		{902931B4-39E6-40D4-973C-D906EDC0F5A6}.Release|iPhoneSimulator.Build.0 = Release|Any CPU
		{902931B4-39E6-40D4-973C-D906EDC0F5A6}.Debug|iPhone.ActiveCfg = Debug|Any CPU
		{902931B4-39E6-40D4-973C-D906EDC0F5A6}.Debug|iPhone.Build.0 = Debug|Any CPU
	EndGlobalSection
EndGlobal
